
Microsoft Visual Studio Solution File, Format Version 12.00
# Visual Studio 15
VisualStudioVersion = 15.0.28307.329
MinimumVisualStudioVersion = 10.0.40219.1
Project("{8BC9CEB8-8B4A-11D0-8D11-00A0C91BC942}") = "Project_Training1.4", "Project_Training1.4\Project_Training1.4.vcxproj", "{F705FEF5-D4C0-4160-B52F-79880B8F72A3}"
EndProject
Global
	GlobalSection(SolutionConfigurationPlatforms) = preSolution
		Debug|x64 = Debug|x64
		Debug|x86 = Debug|x86
		Release|x64 = Release|x64
		Release|x86 = Release|x86
	EndGlobalSection
	GlobalSection(ProjectConfigurationPlatforms) = postSolution
		{F705FEF5-D4C0-4160-B52F-79880B8F72A3}.Debug|x64.ActiveCfg = Debug|x64
		{F705FEF5-D4C0-4160-B52F-79880B8F72A3}.Debug|x64.Build.0 = Debug|x64
		{F705FEF5-D4C0-4160-B52F-79880B8F72A3}.Debug|x86.ActiveCfg = Debug|Win32
		{F705FEF5-D4C0-4160-B52F-79880B8F72A3}.Debug|x86.Build.0 = Debug|Win32
		{F705FEF5-D4C0-4160-B52F-79880B8F72A3}.Release|x64.ActiveCfg = Release|x64
		{F705FEF5-D4C0-4160-B52F-79880B8F72A3}.Release|x64.Build.0 = Release|x64
		{F705FEF5-D4C0-4160-B52F-79880B8F72A3}.Release|x86.ActiveCfg = Release|Win32
		{F705FEF5-D4C0-4160-B52F-79880B8F72A3}.Release|x86.Build.0 = Release|Win32
	EndGlobalSection
	GlobalSection(SolutionProperties) = preSolution
		HideSolutionNode = FALSE
	EndGlobalSection
	GlobalSection(ExtensibilityGlobals) = postSolution
		SolutionGuid = {48EE5C2D-35E5-4077-BDC8-D7CB9E830143}
	EndGlobalSection
EndGlobal
